// !$*UTF8*$!
{
	archiveVersion = 1;
	classes = {
	};
	objectVersion = 56;
	objects = {

/* Begin PBXBuildFile section */
		025520E4296C3258002D2926 /* SingleRowLayout.swift in Sources */ = {isa = PBXBuildFile; fileRef = 025520E3296C3258002D2926 /* SingleRowLayout.swift */; };
		029CEB5929694409005E547B /* GridViewGalleryApp.swift in Sources */ = {isa = PBXBuildFile; fileRef = 029CEB5829694409005E547B /* GridViewGalleryApp.swift */; };
		029CEB5B29694409005E547B /* ContentView.swift in Sources */ = {isa = PBXBuildFile; fileRef = 029CEB5A29694409005E547B /* ContentView.swift */; };
		029CEB5D2969440A005E547B /* Assets.xcassets in Resources */ = {isa = PBXBuildFile; fileRef = 029CEB5C2969440A005E547B /* Assets.xcassets */; };
		029CEB602969440A005E547B /* Preview Assets.xcassets in Resources */ = {isa = PBXBuildFile; fileRef = 029CEB5F2969440A005E547B /* Preview Assets.xcassets */; };
		029CEB6A2969440A005E547B /* GridViewGalleryTests.swift in Sources */ = {isa = PBXBuildFile; fileRef = 029CEB692969440A005E547B /* GridViewGalleryTests.swift */; };
		029CEB742969440A005E547B /* GridViewGalleryUITests.swift in Sources */ = {isa = PBXBuildFile; fileRef = 029CEB732969440A005E547B /* GridViewGalleryUITests.swift */; };
		029CEB762969440A005E547B /* GridViewGalleryUITestsLaunchTests.swift in Sources */ = {isa = PBXBuildFile; fileRef = 029CEB752969440A005E547B /* GridViewGalleryUITestsLaunchTests.swift */; };
		029CEB8329695361005E547B /* item.swift in Sources */ = {isa = PBXBuildFile; fileRef = 029CEB8229695361005E547B /* item.swift */; };
/* End PBXBuildFile section */

/* Begin PBXContainerItemProxy section */
		029CEB662969440A005E547B /* PBXContainerItemProxy */ = {
			isa = PBXContainerItemProxy;
			containerPortal = 029CEB4D29694409005E547B /* Project object */;
			proxyType = 1;
			remoteGlobalIDString = 029CEB5429694409005E547B;
			remoteInfo = GridViewGallery;
		};
		029CEB702969440A005E547B /* PBXContainerItemProxy */ = {
			isa = PBXContainerItemProxy;
			containerPortal = 029CEB4D29694409005E547B /* Project object */;
			proxyType = 1;
			remoteGlobalIDString = 029CEB5429694409005E547B;
			remoteInfo = GridViewGallery;
		};
/* End PBXContainerItemProxy section */

/* Begin PBXFileReference section */
		025520E3296C3258002D2926 /* SingleRowLayout.swift */ = {isa = PBXFileReference; lastKnownFileType = sourcecode.swift; path = SingleRowLayout.swift; sourceTree = "<group>"; };
		029CEB5529694409005E547B /* GridViewGallery.app */ = {isa = PBXFileReference; explicitFileType = wrapper.application; includeInIndex = 0; path = GridViewGallery.app; sourceTree = BUILT_PRODUCTS_DIR; };
		029CEB5829694409005E547B /* GridViewGalleryApp.swift */ = {isa = PBXFileReference; lastKnownFileType = sourcecode.swift; path = GridViewGalleryApp.swift; sourceTree = "<group>"; };
		029CEB5A29694409005E547B /* ContentView.swift */ = {isa = PBXFileReference; lastKnownFileType = sourcecode.swift; path = ContentView.swift; sourceTree = "<group>"; };
		029CEB5C2969440A005E547B /* Assets.xcassets */ = {isa = PBXFileReference; lastKnownFileType = folder.assetcatalog; path = Assets.xcassets; sourceTree = "<group>"; };
		029CEB5F2969440A005E547B /* Preview Assets.xcassets */ = {isa = PBXFileReference; lastKnownFileType = folder.assetcatalog; path = "Preview Assets.xcassets"; sourceTree = "<group>"; };
		029CEB652969440A005E547B /* GridViewGalleryTests.xctest */ = {isa = PBXFileReference; explicitFileType = wrapper.cfbundle; includeInIndex = 0; path = GridViewGalleryTests.xctest; sourceTree = BUILT_PRODUCTS_DIR; };
		029CEB692969440A005E547B /* GridViewGalleryTests.swift */ = {isa = PBXFileReference; lastKnownFileType = sourcecode.swift; path = GridViewGalleryTests.swift; sourceTree = "<group>"; };
		029CEB6F2969440A005E547B /* GridViewGalleryUITests.xctest */ = {isa = PBXFileReference; explicitFileType = wrapper.cfbundle; includeInIndex = 0; path = GridViewGalleryUITests.xctest; sourceTree = BUILT_PRODUCTS_DIR; };
		029CEB732969440A005E547B /* GridViewGalleryUITests.swift */ = {isa = PBXFileReference; lastKnownFileType = sourcecode.swift; path = GridViewGalleryUITests.swift; sourceTree = "<group>"; };
		029CEB752969440A005E547B /* GridViewGalleryUITestsLaunchTests.swift */ = {isa = PBXFileReference; lastKnownFileType = sourcecode.swift; path = GridViewGalleryUITestsLaunchTests.swift; sourceTree = "<group>"; };
		029CEB8229695361005E547B /* item.swift */ = {isa = PBXFileReference; lastKnownFileType = sourcecode.swift; path = item.swift; sourceTree = "<group>"; };
/* End PBXFileReference section */

/* Begin PBXFrameworksBuildPhase section */
		029CEB5229694409005E547B /* Frameworks */ = {
			isa = PBXFrameworksBuildPhase;
			buildActionMask = 2147483647;
			files = (
			);
			runOnlyForDeploymentPostprocessing = 0;
		};
		029CEB622969440A005E547B /* Frameworks */ = {
			isa = PBXFrameworksBuildPhase;
			buildActionMask = 2147483647;
			files = (
			);
			runOnlyForDeploymentPostprocessing = 0;
		};
		029CEB6C2969440A005E547B /* Frameworks */ = {
			isa = PBXFrameworksBuildPhase;
			buildActionMask = 2147483647;
			files = (
			);
			runOnlyForDeploymentPostprocessing = 0;
		};
/* End PBXFrameworksBuildPhase section */

/* Begin PBXGroup section */
		029CEB4C29694409005E547B = {
			isa = PBXGroup;
			children = (
				029CEB5729694409005E547B /* GridViewGallery */,
				029CEB682969440A005E547B /* GridViewGalleryTests */,
				029CEB722969440A005E547B /* GridViewGalleryUITests */,
				029CEB5629694409005E547B /* Products */,
			);
			sourceTree = "<group>";
		};
		029CEB5629694409005E547B /* Products */ = {
			isa = PBXGroup;
			children = (
				029CEB5529694409005E547B /* GridViewGallery.app */,
				029CEB652969440A005E547B /* GridViewGalleryTests.xctest */,
				029CEB6F2969440A005E547B /* GridViewGalleryUITests.xctest */,
			);
			name = Products;
			sourceTree = "<group>";
		};
		029CEB5729694409005E547B /* GridViewGallery */ = {
			isa = PBXGroup;
			children = (
				029CEB5829694409005E547B /* GridViewGalleryApp.swift */,
				029CEB5A29694409005E547B /* ContentView.swift */,
				025520E3296C3258002D2926 /* SingleRowLayout.swift */,
				029CEB8229695361005E547B /* item.swift */,
				029CEB5C2969440A005E547B /* Assets.xcassets */,
				029CEB5E2969440A005E547B /* Preview Content */,
			);
			path = GridViewGallery;
			sourceTree = "<group>";
		};
		029CEB5E2969440A005E547B /* Preview Content */ = {
			isa = PBXGroup;
			children = (
				029CEB5F2969440A005E547B /* Preview Assets.xcassets */,
			);
			path = "Preview Content";
			sourceTree = "<group>";
		};
		029CEB682969440A005E547B /* GridViewGalleryTests */ = {
			isa = PBXGroup;
			children = (
				029CEB692969440A005E547B /* GridViewGalleryTests.swift */,
			);
			path = GridViewGalleryTests;
			sourceTree = "<group>";
		};
		029CEB722969440A005E547B /* GridViewGalleryUITests */ = {
			isa = PBXGroup;
			children = (
				029CEB732969440A005E547B /* GridViewGalleryUITests.swift */,
				029CEB752969440A005E547B /* GridViewGalleryUITestsLaunchTests.swift */,
			);
			path = GridViewGalleryUITests;
			sourceTree = "<group>";
		};
/* End PBXGroup section */

/* Begin PBXNativeTarget section */
		029CEB5429694409005E547B /* GridViewGallery */ = {
			isa = PBXNativeTarget;
			buildConfigurationList = 029CEB792969440A005E547B /* Build configuration list for PBXNativeTarget "GridViewGallery" */;
			buildPhases = (
				029CEB5129694409005E547B /* Sources */,
				029CEB5229694409005E547B /* Frameworks */,
				029CEB5329694409005E547B /* Resources */,
			);
			buildRules = (
			);
			dependencies = (
			);
			name = GridViewGallery;
			productName = GridViewGallery;
			productReference = 029CEB5529694409005E547B /* GridViewGallery.app */;
			productType = "com.apple.product-type.application";
		};
		029CEB642969440A005E547B /* GridViewGalleryTests */ = {
			isa = PBXNativeTarget;
			buildConfigurationList = 029CEB7C2969440A005E547B /* Build configuration list for PBXNativeTarget "GridViewGalleryTests" */;
			buildPhases = (
				029CEB612969440A005E547B /* Sources */,
				029CEB622969440A005E547B /* Frameworks */,
				029CEB632969440A005E547B /* Resources */,
			);
			buildRules = (
			);
			dependencies = (
				029CEB672969440A005E547B /* PBXTargetDependency */,
			);
			name = GridViewGalleryTests;
			productName = GridViewGalleryTests;
			productReference = 029CEB652969440A005E547B /* GridViewGalleryTests.xctest */;
			productType = "com.apple.product-type.bundle.unit-test";
		};
		029CEB6E2969440A005E547B /* GridViewGalleryUITests */ = {
			isa = PBXNativeTarget;
			buildConfigurationList = 029CEB7F2969440A005E547B /* Build configuration list for PBXNativeTarget "GridViewGalleryUITests" */;
			buildPhases = (
				029CEB6B2969440A005E547B /* Sources */,
				029CEB6C2969440A005E547B /* Frameworks */,
				029CEB6D2969440A005E547B /* Resources */,
			);
			buildRules = (
			);
			dependencies = (
				029CEB712969440A005E547B /* PBXTargetDependency */,
			);
			name = GridViewGalleryUITests;
			productName = GridViewGalleryUITests;
			productReference = 029CEB6F2969440A005E547B /* GridViewGalleryUITests.xctest */;
			productType = "com.apple.product-type.bundle.ui-testing";
		};
/* End PBXNativeTarget section */

/* Begin PBXProject section */
		029CEB4D29694409005E547B /* Project object */ = {
			isa = PBXProject;
			attributes = {
				BuildIndependentTargetsInParallel = 1;
				LastSwiftUpdateCheck = 1420;
				LastUpgradeCheck = 1420;
				TargetAttributes = {
					029CEB5429694409005E547B = {
						CreatedOnToolsVersion = 14.2;
					};
					029CEB642969440A005E547B = {
						CreatedOnToolsVersion = 14.2;
						TestTargetID = 029CEB5429694409005E547B;
					};
					029CEB6E2969440A005E547B = {
						CreatedOnToolsVersion = 14.2;
						TestTargetID = 029CEB5429694409005E547B;
					};
				};
			};
			buildConfigurationList = 029CEB5029694409005E547B /* Build configuration list for PBXProject "GridViewGallery" */;
			compatibilityVersion = "Xcode 14.0";
			developmentRegion = en;
			hasScannedForEncodings = 0;
			knownRegions = (
				en,
				Base,
			);
			mainGroup = 029CEB4C29694409005E547B;
			productRefGroup = 029CEB5629694409005E547B /* Products */;
			projectDirPath = "";
			projectRoot = "";
			targets = (
				029CEB5429694409005E547B /* GridViewGallery */,
				029CEB642969440A005E547B /* GridViewGalleryTests */,
				029CEB6E2969440A005E547B /* GridViewGalleryUITests */,
			);
		};
/* End PBXProject section */

/* Begin PBXResourcesBuildPhase section */
		029CEB5329694409005E547B /* Resources */ = {
			isa = PBXResourcesBuildPhase;
			buildActionMask = 2147483647;
			files = (
				029CEB602969440A005E547B /* Preview Assets.xcassets in Resources */,
				029CEB5D2969440A005E547B /* Assets.xcassets in Resources */,
			);
			runOnlyForDeploymentPostprocessing = 0;
		};
		029CEB632969440A005E547B /* Resources */ = {
			isa = PBXResourcesBuildPhase;
			buildActionMask = 2147483647;
			files = (
			);
			runOnlyForDeploymentPostprocessing = 0;
		};
		029CEB6D2969440A005E547B /* Resources */ = {
			isa = PBXResourcesBuildPhase;
			buildActionMask = 2147483647;
			files = (
			);
			runOnlyForDeploymentPostprocessing = 0;
		};
/* End PBXResourcesBuildPhase section */

/* Begin PBXSourcesBuildPhase section */
		029CEB5129694409005E547B /* Sources */ = {
			isa = PBXSourcesBuildPhase;
			buildActionMask = 2147483647;
			files = (
				025520E4296C3258002D2926 /* SingleRowLayout.swift in Sources */,
				029CEB5B29694409005E547B /* ContentView.swift in Sources */,
				029CEB8329695361005E547B /* item.swift in Sources */,
				029CEB5929694409005E547B /* GridViewGalleryApp.swift in Sources */,
			);
			runOnlyForDeploymentPostprocessing = 0;
		};
		029CEB612969440A005E547B /* Sources */ = {
			isa = PBXSourcesBuildPhase;
			buildActionMask = 2147483647;
			files = (
				029CEB6A2969440A005E547B /* GridViewGalleryTests.swift in Sources */,
			);
			runOnlyForDeploymentPostprocessing = 0;
		};
		029CEB6B2969440A005E547B /* Sources */ = {
			isa = PBXSourcesBuildPhase;
			buildActionMask = 2147483647;
			files = (
				029CEB762969440A005E547B /* GridViewGalleryUITestsLaunchTests.swift in Sources */,
				029CEB742969440A005E547B /* GridViewGalleryUITests.swift in Sources */,
			);
			runOnlyForDeploymentPostprocessing = 0;
		};
/* End PBXSourcesBuildPhase section */

/* Begin PBXTargetDependency section */
		029CEB672969440A005E547B /* PBXTargetDependency */ = {
			isa = PBXTargetDependency;
			target = 029CEB5429694409005E547B /* GridViewGallery */;
			targetProxy = 029CEB662969440A005E547B /* PBXContainerItemProxy */;
		};
		029CEB712969440A005E547B /* PBXTargetDependency */ = {
			isa = PBXTargetDependency;
			target = 029CEB5429694409005E547B /* GridViewGallery */;
			targetProxy = 029CEB702969440A005E547B /* PBXContainerItemProxy */;
		};
/* End PBXTargetDependency section */

/* Begin XCBuildConfiguration section */
		029CEB772969440A005E547B /* Debug */ = {
			isa = XCBuildConfiguration;
			buildSettings = {
				ALWAYS_SEARCH_USER_PATHS = NO;
				CLANG_ANALYZER_NONNULL = YES;
				CLANG_ANALYZER_NUMBER_OBJECT_CONVERSION = YES_AGGRESSIVE;
				CLANG_CXX_LANGUAGE_STANDARD = "gnu++20";
				CLANG_ENABLE_MODULES = YES;
				CLANG_ENABLE_OBJC_ARC = YES;
				CLANG_ENABLE_OBJC_WEAK = YES;
				CLANG_WARN_BLOCK_CAPTURE_AUTORELEASING = YES;
				CLANG_WARN_BOOL_CONVERSION = YES;
				CLANG_WARN_COMMA = YES;
				CLANG_WARN_CONSTANT_CONVERSION = YES;
				CLANG_WARN_DEPRECATED_OBJC_IMPLEMENTATIONS = YES;
				CLANG_WARN_DIRECT_OBJC_ISA_USAGE = YES_ERROR;
				CLANG_WARN_DOCUMENTATION_COMMENTS = YES;
				CLANG_WARN_EMPTY_BODY = YES;
				CLANG_WARN_ENUM_CONVERSION = YES;
				CLANG_WARN_INFINITE_RECURSION = YES;
				CLANG_WARN_INT_CONVERSION = YES;
				CLANG_WARN_NON_LITERAL_NULL_CONVERSION = YES;
				CLANG_WARN_OBJC_IMPLICIT_RETAIN_SELF = YES;
				CLANG_WARN_OBJC_LITERAL_CONVERSION = YES;
				CLANG_WARN_OBJC_ROOT_CLASS = YES_ERROR;
				CLANG_WARN_QUOTED_INCLUDE_IN_FRAMEWORK_HEADER = YES;
				CLANG_WARN_RANGE_LOOP_ANALYSIS = YES;
				CLANG_WARN_STRICT_PROTOTYPES = YES;
				CLANG_WARN_SUSPICIOUS_MOVE = YES;
				CLANG_WARN_UNGUARDED_AVAILABILITY = YES_AGGRESSIVE;
				CLANG_WARN_UNREACHABLE_CODE = YES;
				CLANG_WARN__DUPLICATE_METHOD_MATCH = YES;
				COPY_PHASE_STRIP = NO;
				DEBUG_INFORMATION_FORMAT = dwarf;
				ENABLE_STRICT_OBJC_MSGSEND = YES;
				ENABLE_TESTABILITY = YES;
				GCC_C_LANGUAGE_STANDARD = gnu11;
				GCC_DYNAMIC_NO_PIC = NO;
				GCC_NO_COMMON_BLOCKS = YES;
				GCC_OPTIMIZATION_LEVEL = 0;
				GCC_PREPROCESSOR_DEFINITIONS = (
					"DEBUG=1",
					"$(inherited)",
				);
				GCC_WARN_64_TO_32_BIT_CONVERSION = YES;
				GCC_WARN_ABOUT_RETURN_TYPE = YES_ERROR;
				GCC_WARN_UNDECLARED_SELECTOR = YES;
				GCC_WARN_UNINITIALIZED_AUTOS = YES_AGGRESSIVE;
				GCC_WARN_UNUSED_FUNCTION = YES;
				GCC_WARN_UNUSED_VARIABLE = YES;
				IPHONEOS_DEPLOYMENT_TARGET = 16.2;
				MTL_ENABLE_DEBUG_INFO = INCLUDE_SOURCE;
				MTL_FAST_MATH = YES;
				ONLY_ACTIVE_ARCH = YES;
				SDKROOT = iphoneos;
				SWIFT_ACTIVE_COMPILATION_CONDITIONS = DEBUG;
				SWIFT_OPTIMIZATION_LEVEL = "-Onone";
			};
			name = Debug;
		};
		029CEB782969440A005E547B /* Release */ = {
			isa = XCBuildConfiguration;
			buildSettings = {
				ALWAYS_SEARCH_USER_PATHS = NO;
				CLANG_ANALYZER_NONNULL = YES;
				CLANG_ANALYZER_NUMBER_OBJECT_CONVERSION = YES_AGGRESSIVE;
				CLANG_CXX_LANGUAGE_STANDARD = "gnu++20";
				CLANG_ENABLE_MODULES = YES;
				CLANG_ENABLE_OBJC_ARC = YES;
				CLANG_ENABLE_OBJC_WEAK = YES;
				CLANG_WARN_BLOCK_CAPTURE_AUTORELEASING = YES;
				CLANG_WARN_BOOL_CONVERSION = YES;
				CLANG_WARN_COMMA = YES;
				CLANG_WARN_CONSTANT_CONVERSION = YES;
				CLANG_WARN_DEPRECATED_OBJC_IMPLEMENTATIONS = YES;
				CLANG_WARN_DIRECT_OBJC_ISA_USAGE = YES_ERROR;
				CLANG_WARN_DOCUMENTATION_COMMENTS = YES;
				CLANG_WARN_EMPTY_BODY = YES;
				CLANG_WARN_ENUM_CONVERSION = YES;
				CLANG_WARN_INFINITE_RECURSION = YES;
				CLANG_WARN_INT_CONVERSION = YES;
				CLANG_WARN_NON_LITERAL_NULL_CONVERSION = YES;
				CLANG_WARN_OBJC_IMPLICIT_RETAIN_SELF = YES;
				CLANG_WARN_OBJC_LITERAL_CONVERSION = YES;
				CLANG_WARN_OBJC_ROOT_CLASS = YES_ERROR;
				CLANG_WARN_QUOTED_INCLUDE_IN_FRAMEWORK_HEADER = YES;
				CLANG_WARN_RANGE_LOOP_ANALYSIS = YES;
				CLANG_WARN_STRICT_PROTOTYPES = YES;
				CLANG_WARN_SUSPICIOUS_MOVE = YES;
				CLANG_WARN_UNGUARDED_AVAILABILITY = YES_AGGRESSIVE;
				CLANG_WARN_UNREACHABLE_CODE = YES;
				CLANG_WARN__DUPLICATE_METHOD_MATCH = YES;
				COPY_PHASE_STRIP = NO;
				DEBUG_INFORMATION_FORMAT = "dwarf-with-dsym";
				ENABLE_NS_ASSERTIONS = NO;
				ENABLE_STRICT_OBJC_MSGSEND = YES;
				GCC_C_LANGUAGE_STANDARD = gnu11;
				GCC_NO_COMMON_BLOCKS = YES;
				GCC_WARN_64_TO_32_BIT_CONVERSION = YES;
				GCC_WARN_ABOUT_RETURN_TYPE = YES_ERROR;
				GCC_WARN_UNDECLARED_SELECTOR = YES;
				GCC_WARN_UNINITIALIZED_AUTOS = YES_AGGRESSIVE;
				GCC_WARN_UNUSED_FUNCTION = YES;
				GCC_WARN_UNUSED_VARIABLE = YES;
				IPHONEOS_DEPLOYMENT_TARGET = 16.2;
				MTL_ENABLE_DEBUG_INFO = NO;
				MTL_FAST_MATH = YES;
				SDKROOT = iphoneos;
				SWIFT_COMPILATION_MODE = wholemodule;
				SWIFT_OPTIMIZATION_LEVEL = "-O";
				VALIDATE_PRODUCT = YES;
			};
			name = Release;
		};
		029CEB7A2969440A005E547B /* Debug */ = {
			isa = XCBuildConfiguration;
			buildSettings = {
				ASSETCATALOG_COMPILER_APPICON_NAME = AppIcon;
				ASSETCATALOG_COMPILER_GLOBAL_ACCENT_COLOR_NAME = AccentColor;
				CODE_SIGN_STYLE = Automatic;
				CURRENT_PROJECT_VERSION = 1;
				DEVELOPMENT_ASSET_PATHS = "\"GridViewGallery/Preview Content\"";
				ENABLE_PREVIEWS = YES;
				GENERATE_INFOPLIST_FILE = YES;
				INFOPLIST_KEY_UIApplicationSceneManifest_Generation = YES;
				INFOPLIST_KEY_UIApplicationSupportsIndirectInputEvents = YES;
				INFOPLIST_KEY_UILaunchScreen_Generation = YES;
				INFOPLIST_KEY_UISupportedInterfaceOrientations_iPad = "UIInterfaceOrientationPortrait UIInterfaceOrientationPortraitUpsideDown UIInterfaceOrientationLandscapeLeft UIInterfaceOrientationLandscapeRight";
				INFOPLIST_KEY_UISupportedInterfaceOrientations_iPhone = "UIInterfaceOrientationPortrait UIInterfaceOrientationLandscapeLeft UIInterfaceOrientationLandscapeRight";
				LD_RUNPATH_SEARCH_PATHS = (
					"$(inherited)",
					"@executable_path/Frameworks",
				);
				MARKETING_VERSION = 1.0;
				PRODUCT_BUNDLE_IDENTIFIER = hgh.GridViewGallery;
				PRODUCT_NAME = "$(TARGET_NAME)";
				SWIFT_EMIT_LOC_STRINGS = YES;
				SWIFT_VERSION = 5.0;
				TARGETED_DEVICE_FAMILY = "1,2";
			};
			name = Debug;
		};
		029CEB7B2969440A005E547B /* Release */ = {
			isa = XCBuildConfiguration;
			buildSettings = {
				ASSETCATALOG_COMPILER_APPICON_NAME = AppIcon;
				ASSETCATALOG_COMPILER_GLOBAL_ACCENT_COLOR_NAME = AccentColor;
				CODE_SIGN_STYLE = Automatic;
				CURRENT_PROJECT_VERSION = 1;
				DEVELOPMENT_ASSET_PATHS = "\"GridViewGallery/Preview Content\"";
				ENABLE_PREVIEWS = YES;
				GENERATE_INFOPLIST_FILE = YES;
				INFOPLIST_KEY_UIApplicationSceneManifest_Generation = YES;
				INFOPLIST_KEY_UIApplicationSupportsIndirectInputEvents = YES;
				INFOPLIST_KEY_UILaunchScreen_Generation = YES;
				INFOPLIST_KEY_UISupportedInterfaceOrientations_iPad = "UIInterfaceOrientationPortrait UIInterfaceOrientationPortraitUpsideDown UIInterfaceOrientationLandscapeLeft UIInterfaceOrientationLandscapeRight";
				INFOPLIST_KEY_UISupportedInterfaceOrientations_iPhone = "UIInterfaceOrientationPortrait UIInterfaceOrientationLandscapeLeft UIInterfaceOrientationLandscapeRight";
				LD_RUNPATH_SEARCH_PATHS = (
					"$(inherited)",
					"@executable_path/Frameworks",
				);
				MARKETING_VERSION = 1.0;
				PRODUCT_BUNDLE_IDENTIFIER = hgh.GridViewGallery;
				PRODUCT_NAME = "$(TARGET_NAME)";
				SWIFT_EMIT_LOC_STRINGS = YES;
				SWIFT_VERSION = 5.0;
				TARGETED_DEVICE_FAMILY = "1,2";
			};
			name = Release;
		};
		029CEB7D2969440A005E547B /* Debug */ = {
			isa = XCBuildConfiguration;
			buildSettings = {
				ALWAYS_EMBED_SWIFT_STANDARD_LIBRARIES = YES;
				BUNDLE_LOADER = "$(TEST_HOST)";
				CODE_SIGN_STYLE = Automatic;
				CURRENT_PROJECT_VERSION = 1;
				GENERATE_INFOPLIST_FILE = YES;
				IPHONEOS_DEPLOYMENT_TARGET = 16.2;
				MARKETING_VERSION = 1.0;
				PRODUCT_BUNDLE_IDENTIFIER = hgh.GridViewGalleryTests;
				PRODUCT_NAME = "$(TARGET_NAME)";
				SWIFT_EMIT_LOC_STRINGS = NO;
				SWIFT_VERSION = 5.0;
				TARGETED_DEVICE_FAMILY = "1,2";
				TEST_HOST = "$(BUILT_PRODUCTS_DIR)/GridViewGallery.app/$(BUNDLE_EXECUTABLE_FOLDER_PATH)/GridViewGallery";
			};
			name = Debug;
		};
		029CEB7E2969440A005E547B /* Release */ = {
			isa = XCBuildConfiguration;
			buildSettings = {
				ALWAYS_EMBED_SWIFT_STANDARD_LIBRARIES = YES;
				BUNDLE_LOADER = "$(TEST_HOST)";
				CODE_SIGN_STYLE = Automatic;
				CURRENT_PROJECT_VERSION = 1;
				GENERATE_INFOPLIST_FILE = YES;
				IPHONEOS_DEPLOYMENT_TARGET = 16.2;
				MARKETING_VERSION = 1.0;
				PRODUCT_BUNDLE_IDENTIFIER = hgh.GridViewGalleryTests;
				PRODUCT_NAME = "$(TARGET_NAME)";
				SWIFT_EMIT_LOC_STRINGS = NO;
				SWIFT_VERSION = 5.0;
				TARGETED_DEVICE_FAMILY = "1,2";
				TEST_HOST = "$(BUILT_PRODUCTS_DIR)/GridViewGallery.app/$(BUNDLE_EXECUTABLE_FOLDER_PATH)/GridViewGallery";
			};
			name = Release;
		};
		029CEB802969440A005E547B /* Debug */ = {
			isa = XCBuildConfiguration;
			buildSettings = {
				ALWAYS_EMBED_SWIFT_STANDARD_LIBRARIES = YES;
				CODE_SIGN_STYLE = Automatic;
				CURRENT_PROJECT_VERSION = 1;
				GENERATE_INFOPLIST_FILE = YES;
				MARKETING_VERSION = 1.0;
				PRODUCT_BUNDLE_IDENTIFIER = hgh.GridViewGalleryUITests;
				PRODUCT_NAME = "$(TARGET_NAME)";
				SWIFT_EMIT_LOC_STRINGS = NO;
				SWIFT_VERSION = 5.0;
				TARGETED_DEVICE_FAMILY = "1,2";
				TEST_TARGET_NAME = GridViewGallery;
			};
			name = Debug;
		};
		029CEB812969440A005E547B /* Release */ = {
			isa = XCBuildConfiguration;
			buildSettings = {
				ALWAYS_EMBED_SWIFT_STANDARD_LIBRARIES = YES;
				CODE_SIGN_STYLE = Automatic;
				CURRENT_PROJECT_VERSION = 1;
				GENERATE_INFOPLIST_FILE = YES;
				MARKETING_VERSION = 1.0;
				PRODUCT_BUNDLE_IDENTIFIER = hgh.GridViewGalleryUITests;
				PRODUCT_NAME = "$(TARGET_NAME)";
				SWIFT_EMIT_LOC_STRINGS = NO;
				SWIFT_VERSION = 5.0;
				TARGETED_DEVICE_FAMILY = "1,2";
				TEST_TARGET_NAME = GridViewGallery;
			};
			name = Release;
		};
/* End XCBuildConfiguration section */

/* Begin XCConfigurationList section */
		029CEB5029694409005E547B /* Build configuration list for PBXProject "GridViewGallery" */ = {
			isa = XCConfigurationList;
			buildConfigurations = (
				029CEB772969440A005E547B /* Debug */,
				029CEB782969440A005E547B /* Release */,
			);
			defaultConfigurationIsVisible = 0;
			defaultConfigurationName = Release;
		};
		029CEB792969440A005E547B /* Build configuration list for PBXNativeTarget "GridViewGallery" */ = {
			isa = XCConfigurationList;
			buildConfigurations = (
				029CEB7A2969440A005E547B /* Debug */,
				029CEB7B2969440A005E547B /* Release */,
			);
			defaultConfigurationIsVisible = 0;
			defaultConfigurationName = Release;
		};
		029CEB7C2969440A005E547B /* Build configuration list for PBXNativeTarget "GridViewGalleryTests" */ = {
			isa = XCConfigurationList;
			buildConfigurations = (
				029CEB7D2969440A005E547B /* Debug */,
				029CEB7E2969440A005E547B /* Release */,
			);
			defaultConfigurationIsVisible = 0;
			defaultConfigurationName = Release;
		};
		029CEB7F2969440A005E547B /* Build configuration list for PBXNativeTarget "GridViewGalleryUITests" */ = {
			isa = XCConfigurationList;
			buildConfigurations = (
				029CEB802969440A005E547B /* Debug */,
				029CEB812969440A005E547B /* Release */,
			);
			defaultConfigurationIsVisible = 0;
			defaultConfigurationName = Release;
		};
/* End XCConfigurationList section */
	};
	rootObject = 029CEB4D29694409005E547B /* Project object */;
}
